// !$*UTF8*$!
{
	archiveVersion = 1;
	classes = {
	};
	objectVersion = 50;
	objects = {

/* Begin PBXBuildFile section */
		014C05292658A59100855AF2 /* Tests_iOS.swift in Sources */ = {isa = PBXBuildFile; fileRef = 014C05282658A59100855AF2 /* Tests_iOS.swift */; };
		014C05342658A59100855AF2 /* Tests_macOS.swift in Sources */ = {isa = PBXBuildFile; fileRef = 014C05332658A59100855AF2 /* Tests_macOS.swift */; };
		014C05362658A59100855AF2 /* calculator_frontendApp.swift in Sources */ = {isa = PBXBuildFile; fileRef = 014C050D2658A59000855AF2 /* calculator_frontendApp.swift */; };
		014C05372658A59100855AF2 /* calculator_frontendApp.swift in Sources */ = {isa = PBXBuildFile; fileRef = 014C050D2658A59000855AF2 /* calculator_frontendApp.swift */; };
		014C05382658A59100855AF2 /* ContentView.swift in Sources */ = {isa = PBXBuildFile; fileRef = 014C050E2658A59000855AF2 /* ContentView.swift */; };
		014C05392658A59100855AF2 /* ContentView.swift in Sources */ = {isa = PBXBuildFile; fileRef = 014C050E2658A59000855AF2 /* ContentView.swift */; };
		014C053A2658A59100855AF2 /* Assets.xcassets in Resources */ = {isa = PBXBuildFile; fileRef = 014C050F2658A59100855AF2 /* Assets.xcassets */; };
		014C053B2658A59100855AF2 /* Assets.xcassets in Resources */ = {isa = PBXBuildFile; fileRef = 014C050F2658A59100855AF2 /* Assets.xcassets */; };
/* End PBXBuildFile section */

/* Begin PBXContainerItemProxy section */
		014C05252658A59100855AF2 /* PBXContainerItemProxy */ = {
			isa = PBXContainerItemProxy;
			containerPortal = 014C05082658A59000855AF2 /* Project object */;
			proxyType = 1;
			remoteGlobalIDString = 014C05132658A59100855AF2;
			remoteInfo = "calculator-frontend (iOS)";
		};
		014C05302658A59100855AF2 /* PBXContainerItemProxy */ = {
			isa = PBXContainerItemProxy;
			containerPortal = 014C05082658A59000855AF2 /* Project object */;
			proxyType = 1;
			remoteGlobalIDString = 014C051B2658A59100855AF2;
			remoteInfo = "calculator-frontend (macOS)";
		};
/* End PBXContainerItemProxy section */

/* Begin PBXFileReference section */
		014C050D2658A59000855AF2 /* calculator_frontendApp.swift */ = {isa = PBXFileReference; lastKnownFileType = sourcecode.swift; path = calculator_frontendApp.swift; sourceTree = "<group>"; };
		014C050E2658A59000855AF2 /* ContentView.swift */ = {isa = PBXFileReference; lastKnownFileType = sourcecode.swift; path = ContentView.swift; sourceTree = "<group>"; };
		014C050F2658A59100855AF2 /* Assets.xcassets */ = {isa = PBXFileReference; lastKnownFileType = folder.assetcatalog; path = Assets.xcassets; sourceTree = "<group>"; };
		014C05142658A59100855AF2 /* calculator-frontend.app */ = {isa = PBXFileReference; explicitFileType = wrapper.application; includeInIndex = 0; path = "calculator-frontend.app"; sourceTree = BUILT_PRODUCTS_DIR; };
		014C05172658A59100855AF2 /* Info.plist */ = {isa = PBXFileReference; lastKnownFileType = text.plist.xml; path = Info.plist; sourceTree = "<group>"; };
		014C051C2658A59100855AF2 /* calculator-frontend.app */ = {isa = PBXFileReference; explicitFileType = wrapper.application; includeInIndex = 0; path = "calculator-frontend.app"; sourceTree = BUILT_PRODUCTS_DIR; };
		014C051E2658A59100855AF2 /* Info.plist */ = {isa = PBXFileReference; lastKnownFileType = text.plist.xml; path = Info.plist; sourceTree = "<group>"; };
		014C051F2658A59100855AF2 /* macOS.entitlements */ = {isa = PBXFileReference; lastKnownFileType = text.plist.entitlements; path = macOS.entitlements; sourceTree = "<group>"; };
		014C05242658A59100855AF2 /* Tests iOS.xctest */ = {isa = PBXFileReference; explicitFileType = wrapper.cfbundle; includeInIndex = 0; path = "Tests iOS.xctest"; sourceTree = BUILT_PRODUCTS_DIR; };
		014C05282658A59100855AF2 /* Tests_iOS.swift */ = {isa = PBXFileReference; lastKnownFileType = sourcecode.swift; path = Tests_iOS.swift; sourceTree = "<group>"; };
		014C052A2658A59100855AF2 /* Info.plist */ = {isa = PBXFileReference; lastKnownFileType = text.plist.xml; path = Info.plist; sourceTree = "<group>"; };
		014C052F2658A59100855AF2 /* Tests macOS.xctest */ = {isa = PBXFileReference; explicitFileType = wrapper.cfbundle; includeInIndex = 0; path = "Tests macOS.xctest"; sourceTree = BUILT_PRODUCTS_DIR; };
		014C05332658A59100855AF2 /* Tests_macOS.swift */ = {isa = PBXFileReference; lastKnownFileType = sourcecode.swift; path = Tests_macOS.swift; sourceTree = "<group>"; };
		014C05352658A59100855AF2 /* Info.plist */ = {isa = PBXFileReference; lastKnownFileType = text.plist.xml; path = Info.plist; sourceTree = "<group>"; };
/* End PBXFileReference section */

/* Begin PBXFrameworksBuildPhase section */
		014C05112658A59100855AF2 /* Frameworks */ = {
			isa = PBXFrameworksBuildPhase;
			buildActionMask = 2147483647;
			files = (
			);
			runOnlyForDeploymentPostprocessing = 0;
		};
		014C05192658A59100855AF2 /* Frameworks */ = {
			isa = PBXFrameworksBuildPhase;
			buildActionMask = 2147483647;
			files = (
			);
			runOnlyForDeploymentPostprocessing = 0;
		};
		014C05212658A59100855AF2 /* Frameworks */ = {
			isa = PBXFrameworksBuildPhase;
			buildActionMask = 2147483647;
			files = (
			);
			runOnlyForDeploymentPostprocessing = 0;
		};
		014C052C2658A59100855AF2 /* Frameworks */ = {
			isa = PBXFrameworksBuildPhase;
			buildActionMask = 2147483647;
			files = (
			);
			runOnlyForDeploymentPostprocessing = 0;
		};
/* End PBXFrameworksBuildPhase section */

/* Begin PBXGroup section */
		014C05072658A59000855AF2 = {
			isa = PBXGroup;
			children = (
				014C050C2658A59000855AF2 /* Shared */,
				014C05162658A59100855AF2 /* iOS */,
				014C051D2658A59100855AF2 /* macOS */,
				014C05272658A59100855AF2 /* Tests iOS */,
				014C05322658A59100855AF2 /* Tests macOS */,
				014C05152658A59100855AF2 /* Products */,
			);
			sourceTree = "<group>";
		};
		014C050C2658A59000855AF2 /* Shared */ = {
			isa = PBXGroup;
			children = (
				014C050D2658A59000855AF2 /* calculator_frontendApp.swift */,
				014C050E2658A59000855AF2 /* ContentView.swift */,
				014C050F2658A59100855AF2 /* Assets.xcassets */,
			);
			path = Shared;
			sourceTree = "<group>";
		};
		014C05152658A59100855AF2 /* Products */ = {
			isa = PBXGroup;
			children = (
				014C05142658A59100855AF2 /* calculator-frontend.app */,
				014C051C2658A59100855AF2 /* calculator-frontend.app */,
				014C05242658A59100855AF2 /* Tests iOS.xctest */,
				014C052F2658A59100855AF2 /* Tests macOS.xctest */,
			);
			name = Products;
			sourceTree = "<group>";
		};
		014C05162658A59100855AF2 /* iOS */ = {
			isa = PBXGroup;
			children = (
				014C05172658A59100855AF2 /* Info.plist */,
			);
			path = iOS;
			sourceTree = "<group>";
		};
		014C051D2658A59100855AF2 /* macOS */ = {
			isa = PBXGroup;
			children = (
				014C051E2658A59100855AF2 /* Info.plist */,
				014C051F2658A59100855AF2 /* macOS.entitlements */,
			);
			path = macOS;
			sourceTree = "<group>";
		};
		014C05272658A59100855AF2 /* Tests iOS */ = {
			isa = PBXGroup;
			children = (
				014C05282658A59100855AF2 /* Tests_iOS.swift */,
				014C052A2658A59100855AF2 /* Info.plist */,
			);
			path = "Tests iOS";
			sourceTree = "<group>";
		};
		014C05322658A59100855AF2 /* Tests macOS */ = {
			isa = PBXGroup;
			children = (
				014C05332658A59100855AF2 /* Tests_macOS.swift */,
				014C05352658A59100855AF2 /* Info.plist */,
			);
			path = "Tests macOS";
			sourceTree = "<group>";
		};
/* End PBXGroup section */

/* Begin PBXNativeTarget section */
		014C05132658A59100855AF2 /* calculator-frontend (iOS) */ = {
			isa = PBXNativeTarget;
			buildConfigurationList = 014C053E2658A59100855AF2 /* Build configuration list for PBXNativeTarget "calculator-frontend (iOS)" */;
			buildPhases = (
				014C05102658A59100855AF2 /* Sources */,
				014C05112658A59100855AF2 /* Frameworks */,
				014C05122658A59100855AF2 /* Resources */,
			);
			buildRules = (
			);
			dependencies = (
			);
			name = "calculator-frontend (iOS)";
			productName = "calculator-frontend (iOS)";
			productReference = 014C05142658A59100855AF2 /* calculator-frontend.app */;
			productType = "com.apple.product-type.application";
		};
		014C051B2658A59100855AF2 /* calculator-frontend (macOS) */ = {
			isa = PBXNativeTarget;
			buildConfigurationList = 014C05412658A59100855AF2 /* Build configuration list for PBXNativeTarget "calculator-frontend (macOS)" */;
			buildPhases = (
				014C05182658A59100855AF2 /* Sources */,
				014C05192658A59100855AF2 /* Frameworks */,
				014C051A2658A59100855AF2 /* Resources */,
			);
			buildRules = (
			);
			dependencies = (
			);
			name = "calculator-frontend (macOS)";
			productName = "calculator-frontend (macOS)";
			productReference = 014C051C2658A59100855AF2 /* calculator-frontend.app */;
			productType = "com.apple.product-type.application";
		};
		014C05232658A59100855AF2 /* Tests iOS */ = {
			isa = PBXNativeTarget;
			buildConfigurationList = 014C05442658A59100855AF2 /* Build configuration list for PBXNativeTarget "Tests iOS" */;
			buildPhases = (
				014C05202658A59100855AF2 /* Sources */,
				014C05212658A59100855AF2 /* Frameworks */,
				014C05222658A59100855AF2 /* Resources */,
			);
			buildRules = (
			);
			dependencies = (
				014C05262658A59100855AF2 /* PBXTargetDependency */,
			);
			name = "Tests iOS";
			productName = "Tests iOS";
			productReference = 014C05242658A59100855AF2 /* Tests iOS.xctest */;
			productType = "com.apple.product-type.bundle.ui-testing";
		};
		014C052E2658A59100855AF2 /* Tests macOS */ = {
			isa = PBXNativeTarget;
			buildConfigurationList = 014C05472658A59100855AF2 /* Build configuration list for PBXNativeTarget "Tests macOS" */;
			buildPhases = (
				014C052B2658A59100855AF2 /* Sources */,
				014C052C2658A59100855AF2 /* Frameworks */,
				014C052D2658A59100855AF2 /* Resources */,
			);
			buildRules = (
			);
			dependencies = (
				014C05312658A59100855AF2 /* PBXTargetDependency */,
			);
			name = "Tests macOS";
			productName = "Tests macOS";
			productReference = 014C052F2658A59100855AF2 /* Tests macOS.xctest */;
			productType = "com.apple.product-type.bundle.ui-testing";
		};
/* End PBXNativeTarget section */

/* Begin PBXProject section */
		014C05082658A59000855AF2 /* Project object */ = {
			isa = PBXProject;
			attributes = {
				LastSwiftUpdateCheck = 1250;
				LastUpgradeCheck = 1250;
				TargetAttributes = {
					014C05132658A59100855AF2 = {
						CreatedOnToolsVersion = 12.5;
					};
					014C051B2658A59100855AF2 = {
						CreatedOnToolsVersion = 12.5;
					};
					014C05232658A59100855AF2 = {
						CreatedOnToolsVersion = 12.5;
						TestTargetID = 014C05132658A59100855AF2;
					};
					014C052E2658A59100855AF2 = {
						CreatedOnToolsVersion = 12.5;
						TestTargetID = 014C051B2658A59100855AF2;
					};
				};
			};
			buildConfigurationList = 014C050B2658A59000855AF2 /* Build configuration list for PBXProject "calculator-frontend" */;
			compatibilityVersion = "Xcode 9.3";
			developmentRegion = en;
			hasScannedForEncodings = 0;
			knownRegions = (
				en,
				Base,
			);
			mainGroup = 014C05072658A59000855AF2;
			productRefGroup = 014C05152658A59100855AF2 /* Products */;
			projectDirPath = "";
			projectRoot = "";
			targets = (
				014C05132658A59100855AF2 /* calculator-frontend (iOS) */,
				014C051B2658A59100855AF2 /* calculator-frontend (macOS) */,
				014C05232658A59100855AF2 /* Tests iOS */,
				014C052E2658A59100855AF2 /* Tests macOS */,
			);
		};
/* End PBXProject section */

/* Begin PBXResourcesBuildPhase section */
		014C05122658A59100855AF2 /* Resources */ = {
			isa = PBXResourcesBuildPhase;
			buildActionMask = 2147483647;
			files = (
				014C053A2658A59100855AF2 /* Assets.xcassets in Resources */,
			);
			runOnlyForDeploymentPostprocessing = 0;
		};
		014C051A2658A59100855AF2 /* Resources */ = {
			isa = PBXResourcesBuildPhase;
			buildActionMask = 2147483647;
			files = (
				014C053B2658A59100855AF2 /* Assets.xcassets in Resources */,
			);
			runOnlyForDeploymentPostprocessing = 0;
		};
		014C05222658A59100855AF2 /* Resources */ = {
			isa = PBXResourcesBuildPhase;
			buildActionMask = 2147483647;
			files = (
			);
			runOnlyForDeploymentPostprocessing = 0;
		};
		014C052D2658A59100855AF2 /* Resources */ = {
			isa = PBXResourcesBuildPhase;
			buildActionMask = 2147483647;
			files = (
			);
			runOnlyForDeploymentPostprocessing = 0;
		};
/* End PBXResourcesBuildPhase section */

/* Begin PBXSourcesBuildPhase section */
		014C05102658A59100855AF2 /* Sources */ = {
			isa = PBXSourcesBuildPhase;
			buildActionMask = 2147483647;
			files = (
				014C05382658A59100855AF2 /* ContentView.swift in Sources */,
				014C05362658A59100855AF2 /* calculator_frontendApp.swift in Sources */,
			);
			runOnlyForDeploymentPostprocessing = 0;
		};
		014C05182658A59100855AF2 /* Sources */ = {
			isa = PBXSourcesBuildPhase;
			buildActionMask = 2147483647;
			files = (
				014C05392658A59100855AF2 /* ContentView.swift in Sources */,
				014C05372658A59100855AF2 /* calculator_frontendApp.swift in Sources */,
			);
			runOnlyForDeploymentPostprocessing = 0;
		};
		014C05202658A59100855AF2 /* Sources */ = {
			isa = PBXSourcesBuildPhase;
			buildActionMask = 2147483647;
			files = (
				014C05292658A59100855AF2 /* Tests_iOS.swift in Sources */,
			);
			runOnlyForDeploymentPostprocessing = 0;
		};
		014C052B2658A59100855AF2 /* Sources */ = {
			isa = PBXSourcesBuildPhase;
			buildActionMask = 2147483647;
			files = (
				014C05342658A59100855AF2 /* Tests_macOS.swift in Sources */,
			);
			runOnlyForDeploymentPostprocessing = 0;
		};
/* End PBXSourcesBuildPhase section */

/* Begin PBXTargetDependency section */
		014C05262658A59100855AF2 /* PBXTargetDependency */ = {
			isa = PBXTargetDependency;
			target = 014C05132658A59100855AF2 /* calculator-frontend (iOS) */;
			targetProxy = 014C05252658A59100855AF2 /* PBXContainerItemProxy */;
		};
		014C05312658A59100855AF2 /* PBXTargetDependency */ = {
			isa = PBXTargetDependency;
			target = 014C051B2658A59100855AF2 /* calculator-frontend (macOS) */;
			targetProxy = 014C05302658A59100855AF2 /* PBXContainerItemProxy */;
		};
/* End PBXTargetDependency section */

/* Begin XCBuildConfiguration section */
		014C053C2658A59100855AF2 /* Debug */ = {
			isa = XCBuildConfiguration;
			buildSettings = {
				ALWAYS_SEARCH_USER_PATHS = NO;
				CLANG_ANALYZER_NONNULL = YES;
				CLANG_ANALYZER_NUMBER_OBJECT_CONVERSION = YES_AGGRESSIVE;
				CLANG_CXX_LANGUAGE_STANDARD = "gnu++14";
				CLANG_CXX_LIBRARY = "libc++";
				CLANG_ENABLE_MODULES = YES;
				CLANG_ENABLE_OBJC_ARC = YES;
				CLANG_ENABLE_OBJC_WEAK = YES;
				CLANG_WARN_BLOCK_CAPTURE_AUTORELEASING = YES;
				CLANG_WARN_BOOL_CONVERSION = YES;
				CLANG_WARN_COMMA = YES;
				CLANG_WARN_CONSTANT_CONVERSION = YES;
				CLANG_WARN_DEPRECATED_OBJC_IMPLEMENTATIONS = YES;
				CLANG_WARN_DIRECT_OBJC_ISA_USAGE = YES_ERROR;
				CLANG_WARN_DOCUMENTATION_COMMENTS = YES;
				CLANG_WARN_EMPTY_BODY = YES;
				CLANG_WARN_ENUM_CONVERSION = YES;
				CLANG_WARN_INFINITE_RECURSION = YES;
				CLANG_WARN_INT_CONVERSION = YES;
				CLANG_WARN_NON_LITERAL_NULL_CONVERSION = YES;
				CLANG_WARN_OBJC_IMPLICIT_RETAIN_SELF = YES;
				CLANG_WARN_OBJC_LITERAL_CONVERSION = YES;
				CLANG_WARN_OBJC_ROOT_CLASS = YES_ERROR;
				CLANG_WARN_QUOTED_INCLUDE_IN_FRAMEWORK_HEADER = YES;
				CLANG_WARN_RANGE_LOOP_ANALYSIS = YES;
				CLANG_WARN_STRICT_PROTOTYPES = YES;
				CLANG_WARN_SUSPICIOUS_MOVE = YES;
				CLANG_WARN_UNGUARDED_AVAILABILITY = YES_AGGRESSIVE;
				CLANG_WARN_UNREACHABLE_CODE = YES;
				CLANG_WARN__DUPLICATE_METHOD_MATCH = YES;
				COPY_PHASE_STRIP = NO;
				DEBUG_INFORMATION_FORMAT = dwarf;
				ENABLE_STRICT_OBJC_MSGSEND = YES;
				ENABLE_TESTABILITY = YES;
				GCC_C_LANGUAGE_STANDARD = gnu11;
				GCC_DYNAMIC_NO_PIC = NO;
				GCC_NO_COMMON_BLOCKS = YES;
				GCC_OPTIMIZATION_LEVEL = 0;
				GCC_PREPROCESSOR_DEFINITIONS = (
					"DEBUG=1",
					"$(inherited)",
				);
				GCC_WARN_64_TO_32_BIT_CONVERSION = YES;
				GCC_WARN_ABOUT_RETURN_TYPE = YES_ERROR;
				GCC_WARN_UNDECLARED_SELECTOR = YES;
				GCC_WARN_UNINITIALIZED_AUTOS = YES_AGGRESSIVE;
				GCC_WARN_UNUSED_FUNCTION = YES;
				GCC_WARN_UNUSED_VARIABLE = YES;
				MTL_ENABLE_DEBUG_INFO = INCLUDE_SOURCE;
				MTL_FAST_MATH = YES;
				ONLY_ACTIVE_ARCH = YES;
				SWIFT_ACTIVE_COMPILATION_CONDITIONS = DEBUG;
				SWIFT_OPTIMIZATION_LEVEL = "-Onone";
			};
			name = Debug;
		};
		014C053D2658A59100855AF2 /* Release */ = {
			isa = XCBuildConfiguration;
			buildSettings = {
				ALWAYS_SEARCH_USER_PATHS = NO;
				CLANG_ANALYZER_NONNULL = YES;
				CLANG_ANALYZER_NUMBER_OBJECT_CONVERSION = YES_AGGRESSIVE;
				CLANG_CXX_LANGUAGE_STANDARD = "gnu++14";
				CLANG_CXX_LIBRARY = "libc++";
				CLANG_ENABLE_MODULES = YES;
				CLANG_ENABLE_OBJC_ARC = YES;
				CLANG_ENABLE_OBJC_WEAK = YES;
				CLANG_WARN_BLOCK_CAPTURE_AUTORELEASING = YES;
				CLANG_WARN_BOOL_CONVERSION = YES;
				CLANG_WARN_COMMA = YES;
				CLANG_WARN_CONSTANT_CONVERSION = YES;
				CLANG_WARN_DEPRECATED_OBJC_IMPLEMENTATIONS = YES;
				CLANG_WARN_DIRECT_OBJC_ISA_USAGE = YES_ERROR;
				CLANG_WARN_DOCUMENTATION_COMMENTS = YES;
				CLANG_WARN_EMPTY_BODY = YES;
				CLANG_WARN_ENUM_CONVERSION = YES;
				CLANG_WARN_INFINITE_RECURSION = YES;
				CLANG_WARN_INT_CONVERSION = YES;
				CLANG_WARN_NON_LITERAL_NULL_CONVERSION = YES;
				CLANG_WARN_OBJC_IMPLICIT_RETAIN_SELF = YES;
				CLANG_WARN_OBJC_LITERAL_CONVERSION = YES;
				CLANG_WARN_OBJC_ROOT_CLASS = YES_ERROR;
				CLANG_WARN_QUOTED_INCLUDE_IN_FRAMEWORK_HEADER = YES;
				CLANG_WARN_RANGE_LOOP_ANALYSIS = YES;
				CLANG_WARN_STRICT_PROTOTYPES = YES;
				CLANG_WARN_SUSPICIOUS_MOVE = YES;
				CLANG_WARN_UNGUARDED_AVAILABILITY = YES_AGGRESSIVE;
				CLANG_WARN_UNREACHABLE_CODE = YES;
				CLANG_WARN__DUPLICATE_METHOD_MATCH = YES;
				COPY_PHASE_STRIP = NO;
				DEBUG_INFORMATION_FORMAT = "dwarf-with-dsym";
				ENABLE_NS_ASSERTIONS = NO;
				ENABLE_STRICT_OBJC_MSGSEND = YES;
				GCC_C_LANGUAGE_STANDARD = gnu11;
				GCC_NO_COMMON_BLOCKS = YES;
				GCC_WARN_64_TO_32_BIT_CONVERSION = YES;
				GCC_WARN_ABOUT_RETURN_TYPE = YES_ERROR;
				GCC_WARN_UNDECLARED_SELECTOR = YES;
				GCC_WARN_UNINITIALIZED_AUTOS = YES_AGGRESSIVE;
				GCC_WARN_UNUSED_FUNCTION = YES;
				GCC_WARN_UNUSED_VARIABLE = YES;
				MTL_ENABLE_DEBUG_INFO = NO;
				MTL_FAST_MATH = YES;
				SWIFT_COMPILATION_MODE = wholemodule;
				SWIFT_OPTIMIZATION_LEVEL = "-O";
			};
			name = Release;
		};
		014C053F2658A59100855AF2 /* Debug */ = {
			isa = XCBuildConfiguration;
			buildSettings = {
				ASSETCATALOG_COMPILER_APPICON_NAME = AppIcon;
				ASSETCATALOG_COMPILER_GLOBAL_ACCENT_COLOR_NAME = AccentColor;
				CODE_SIGN_STYLE = Automatic;
				ENABLE_PREVIEWS = YES;
				INFOPLIST_FILE = iOS/Info.plist;
				IPHONEOS_DEPLOYMENT_TARGET = 14.0;
				LD_RUNPATH_SEARCH_PATHS = (
					"$(inherited)",
					"@executable_path/Frameworks",
				);
				PRODUCT_BUNDLE_IDENTIFIER = "Nick.calculator-frontend";
				PRODUCT_NAME = "calculator-frontend";
				SDKROOT = iphoneos;
				SWIFT_VERSION = 5.0;
				TARGETED_DEVICE_FAMILY = "1,2";
			};
			name = Debug;
		};
		014C05402658A59100855AF2 /* Release */ = {
			isa = XCBuildConfiguration;
			buildSettings = {
				ASSETCATALOG_COMPILER_APPICON_NAME = AppIcon;
				ASSETCATALOG_COMPILER_GLOBAL_ACCENT_COLOR_NAME = AccentColor;
				CODE_SIGN_STYLE = Automatic;
				ENABLE_PREVIEWS = YES;
				INFOPLIST_FILE = iOS/Info.plist;
				IPHONEOS_DEPLOYMENT_TARGET = 14.0;
				LD_RUNPATH_SEARCH_PATHS = (
					"$(inherited)",
					"@executable_path/Frameworks",
				);
				PRODUCT_BUNDLE_IDENTIFIER = "Nick.calculator-frontend";
				PRODUCT_NAME = "calculator-frontend";
				SDKROOT = iphoneos;
				SWIFT_VERSION = 5.0;
				TARGETED_DEVICE_FAMILY = "1,2";
				VALIDATE_PRODUCT = YES;
			};
			name = Release;
		};
		014C05422658A59100855AF2 /* Debug */ = {
			isa = XCBuildConfiguration;
			buildSettings = {
				ASSETCATALOG_COMPILER_APPICON_NAME = AppIcon;
				ASSETCATALOG_COMPILER_GLOBAL_ACCENT_COLOR_NAME = AccentColor;
				CODE_SIGN_ENTITLEMENTS = macOS/macOS.entitlements;
				CODE_SIGN_STYLE = Automatic;
				COMBINE_HIDPI_IMAGES = YES;
				ENABLE_PREVIEWS = YES;
				INFOPLIST_FILE = macOS/Info.plist;
				LD_RUNPATH_SEARCH_PATHS = (
					"$(inherited)",
					"@executable_path/../Frameworks",
				);
				MACOSX_DEPLOYMENT_TARGET = 11.0;
				PRODUCT_BUNDLE_IDENTIFIER = "Nick.calculator-frontend";
				PRODUCT_NAME = "calculator-frontend";
				SDKROOT = macosx;
				SWIFT_VERSION = 5.0;
			};
			name = Debug;
		};
		014C05432658A59100855AF2 /* Release */ = {
			isa = XCBuildConfiguration;
			buildSettings = {
				ASSETCATALOG_COMPILER_APPICON_NAME = AppIcon;
				ASSETCATALOG_COMPILER_GLOBAL_ACCENT_COLOR_NAME = AccentColor;
				CODE_SIGN_ENTITLEMENTS = macOS/macOS.entitlements;
				CODE_SIGN_STYLE = Automatic;
				COMBINE_HIDPI_IMAGES = YES;
				ENABLE_PREVIEWS = YES;
				INFOPLIST_FILE = macOS/Info.plist;
				LD_RUNPATH_SEARCH_PATHS = (
					"$(inherited)",
					"@executable_path/../Frameworks",
				);
				MACOSX_DEPLOYMENT_TARGET = 11.0;
				PRODUCT_BUNDLE_IDENTIFIER = "Nick.calculator-frontend";
				PRODUCT_NAME = "calculator-frontend";
				SDKROOT = macosx;
				SWIFT_VERSION = 5.0;
			};
			name = Release;
		};
		014C05452658A59100855AF2 /* Debug */ = {
			isa = XCBuildConfiguration;
			buildSettings = {
				ALWAYS_EMBED_SWIFT_STANDARD_LIBRARIES = YES;
				CODE_SIGN_STYLE = Automatic;
				INFOPLIST_FILE = "Tests iOS/Info.plist";
				IPHONEOS_DEPLOYMENT_TARGET = 14.5;
				LD_RUNPATH_SEARCH_PATHS = (
					"$(inherited)",
					"@executable_path/Frameworks",
					"@loader_path/Frameworks",
				);
				PRODUCT_BUNDLE_IDENTIFIER = "Nick.Tests-iOS";
				PRODUCT_NAME = "$(TARGET_NAME)";
				SDKROOT = iphoneos;
				SWIFT_VERSION = 5.0;
				TARGETED_DEVICE_FAMILY = "1,2";
				TEST_TARGET_NAME = "calculator-frontend (iOS)";
			};
			name = Debug;
		};
		014C05462658A59100855AF2 /* Release */ = {
			isa = XCBuildConfiguration;
			buildSettings = {
				ALWAYS_EMBED_SWIFT_STANDARD_LIBRARIES = YES;
				CODE_SIGN_STYLE = Automatic;
				INFOPLIST_FILE = "Tests iOS/Info.plist";
				IPHONEOS_DEPLOYMENT_TARGET = 14.5;
				LD_RUNPATH_SEARCH_PATHS = (
					"$(inherited)",
					"@executable_path/Frameworks",
					"@loader_path/Frameworks",
				);
				PRODUCT_BUNDLE_IDENTIFIER = "Nick.Tests-iOS";
				PRODUCT_NAME = "$(TARGET_NAME)";
				SDKROOT = iphoneos;
				SWIFT_VERSION = 5.0;
				TARGETED_DEVICE_FAMILY = "1,2";
				TEST_TARGET_NAME = "calculator-frontend (iOS)";
				VALIDATE_PRODUCT = YES;
			};
			name = Release;
		};
		014C05482658A59100855AF2 /* Debug */ = {
			isa = XCBuildConfiguration;
			buildSettings = {
				ALWAYS_EMBED_SWIFT_STANDARD_LIBRARIES = YES;
				CODE_SIGN_STYLE = Automatic;
				COMBINE_HIDPI_IMAGES = YES;
				INFOPLIST_FILE = "Tests macOS/Info.plist";
				LD_RUNPATH_SEARCH_PATHS = (
					"$(inherited)",
					"@executable_path/../Frameworks",
					"@loader_path/../Frameworks",
				);
				MACOSX_DEPLOYMENT_TARGET = 11.3;
				PRODUCT_BUNDLE_IDENTIFIER = "Nick.Tests-macOS";
				PRODUCT_NAME = "$(TARGET_NAME)";
				SDKROOT = macosx;
				SWIFT_VERSION = 5.0;
				TEST_TARGET_NAME = "calculator-frontend (macOS)";
			};
			name = Debug;
		};
		014C05492658A59100855AF2 /* Release */ = {
			isa = XCBuildConfiguration;
			buildSettings = {
				ALWAYS_EMBED_SWIFT_STANDARD_LIBRARIES = YES;
				CODE_SIGN_STYLE = Automatic;
				COMBINE_HIDPI_IMAGES = YES;
				INFOPLIST_FILE = "Tests macOS/Info.plist";
				LD_RUNPATH_SEARCH_PATHS = (
					"$(inherited)",
					"@executable_path/../Frameworks",
					"@loader_path/../Frameworks",
				);
				MACOSX_DEPLOYMENT_TARGET = 11.3;
				PRODUCT_BUNDLE_IDENTIFIER = "Nick.Tests-macOS";
				PRODUCT_NAME = "$(TARGET_NAME)";
				SDKROOT = macosx;
				SWIFT_VERSION = 5.0;
				TEST_TARGET_NAME = "calculator-frontend (macOS)";
			};
			name = Release;
		};
/* End XCBuildConfiguration section */

/* Begin XCConfigurationList section */
		014C050B2658A59000855AF2 /* Build configuration list for PBXProject "calculator-frontend" */ = {
			isa = XCConfigurationList;
			buildConfigurations = (
				014C053C2658A59100855AF2 /* Debug */,
				014C053D2658A59100855AF2 /* Release */,
			);
			defaultConfigurationIsVisible = 0;
			defaultConfigurationName = Release;
		};
		014C053E2658A59100855AF2 /* Build configuration list for PBXNativeTarget "calculator-frontend (iOS)" */ = {
			isa = XCConfigurationList;
			buildConfigurations = (
				014C053F2658A59100855AF2 /* Debug */,
				014C05402658A59100855AF2 /* Release */,
			);
			defaultConfigurationIsVisible = 0;
			defaultConfigurationName = Release;
		};
		014C05412658A59100855AF2 /* Build configuration list for PBXNativeTarget "calculator-frontend (macOS)" */ = {
			isa = XCConfigurationList;
			buildConfigurations = (
				014C05422658A59100855AF2 /* Debug */,
				014C05432658A59100855AF2 /* Release */,
			);
			defaultConfigurationIsVisible = 0;
			defaultConfigurationName = Release;
		};
		014C05442658A59100855AF2 /* Build configuration list for PBXNativeTarget "Tests iOS" */ = {
			isa = XCConfigurationList;
			buildConfigurations = (
				014C05452658A59100855AF2 /* Debug */,
				014C05462658A59100855AF2 /* Release */,
			);
			defaultConfigurationIsVisible = 0;
			defaultConfigurationName = Release;
		};
		014C05472658A59100855AF2 /* Build configuration list for PBXNativeTarget "Tests macOS" */ = {
			isa = XCConfigurationList;
			buildConfigurations = (
				014C05482658A59100855AF2 /* Debug */,
				014C05492658A59100855AF2 /* Release */,
			);
			defaultConfigurationIsVisible = 0;
			defaultConfigurationName = Release;
		};
/* End XCConfigurationList section */
	};
	rootObject = 014C05082658A59000855AF2 /* Project object */;
}
